
Microsoft Visual Studio Solution File, Format Version 12.00
# Visual Studio Version 17
VisualStudioVersion = 17.5.33414.496
MinimumVisualStudioVersion = 10.0.40219.1
Project("{FAE04EC0-301F-11D3-BF4B-00C04F79EFBC}") = "Lamda_Demo_Problems", "Lamda_Demo_Problems.csproj", "{66A6DF87-F514-4FC1-A2AE-92370FE58C02}"
EndProject
Global
	GlobalSection(SolutionConfigurationPlatforms) = preSolution
		Debug|Any CPU = Debug|Any CPU
		Release|Any CPU = Release|Any CPU
	EndGlobalSection
	GlobalSection(ProjectConfigurationPlatforms) = postSolution
		{66A6DF87-F514-4FC1-A2AE-92370FE58C02}.Debug|Any CPU.ActiveCfg = Debug|Any CPU
		{66A6DF87-F514-4FC1-A2AE-92370FE58C02}.Debug|Any CPU.Build.0 = Debug|Any CPU
		{66A6DF87-F514-4FC1-A2AE-92370FE58C02}.Release|Any CPU.ActiveCfg = Release|Any CPU
		{66A6DF87-F514-4FC1-A2AE-92370FE58C02}.Release|Any CPU.Build.0 = Release|Any CPU
	EndGlobalSection
	GlobalSection(SolutionProperties) = preSolution
		HideSolutionNode = FALSE
	EndGlobalSection
	GlobalSection(ExtensibilityGlobals) = postSolution
		SolutionGuid = {3708C7BB-D00F-4FF7-A135-3F5E41C987A9}
	EndGlobalSection
EndGlobal
